{
  "requires": true,
  "lockfileVersion": 1,
  "dependencies": {
    "plotly.js-dist": {
      "version": "2.6.4",
      "resolved": "https://registry.npmjs.org/plotly.js-dist/-/plotly.js-dist-2.6.4.tgz",
      "integrity": "sha512-JtexmRbHa3jcQI1OgTF554++Wy4xOYv200g/oW5tDxvdU+E7FACHhMBbcAiGgjflGn42N1doDfucFyMpDNA7gQ=="
    }
  }
}
